
Microsoft Visual Studio Solution File, Format Version 12.00
# Visual Studio Version 17
VisualStudioVersion = 17.5.33530.505
MinimumVisualStudioVersion = 10.0.40219.1
Project("{FAE04EC0-301F-11D3-BF4B-00C04F79EFBC}") = "LingDemo", "LingDemo\LingDemo.csproj", "{F4B015C8-7BA7-41D3-A357-EB3A9B7036EA}"
EndProject
Global
	GlobalSection(SolutionConfigurationPlatforms) = preSolution
		Debug|Any CPU = Debug|Any CPU
		Release|Any CPU = Release|Any CPU
	EndGlobalSection
	GlobalSection(ProjectConfigurationPlatforms) = postSolution
		{F4B015C8-7BA7-41D3-A357-EB3A9B7036EA}.Debug|Any CPU.ActiveCfg = Debug|Any CPU
		{F4B015C8-7BA7-41D3-A357-EB3A9B7036EA}.Debug|Any CPU.Build.0 = Debug|Any CPU
		{F4B015C8-7BA7-41D3-A357-EB3A9B7036EA}.Release|Any CPU.ActiveCfg = Release|Any CPU
		{F4B015C8-7BA7-41D3-A357-EB3A9B7036EA}.Release|Any CPU.Build.0 = Release|Any CPU
	EndGlobalSection
	GlobalSection(SolutionProperties) = preSolution
		HideSolutionNode = FALSE
	EndGlobalSection
	GlobalSection(ExtensibilityGlobals) = postSolution
		SolutionGuid = {857E54DD-E371-49E0-B9DC-EB2E8B3D2794}
	EndGlobalSection
EndGlobal
